
Microsoft Visual Studio Solution File, Format Version 12.00
# Visual Studio Version 17
VisualStudioVersion = 17.13.35913.81
MinimumVisualStudioVersion = 10.0.40219.1
Project("{2150E333-8FDC-42A3-9474-1A3956D46DE8}") = "UserService", "UserService", "{02EA681E-C7D8-13C7-8484-4AC65E1B71E8}"
EndProject
Project("{2150E333-8FDC-42A3-9474-1A3956D46DE8}") = "Presentation", "Presentation", "{6879D4DD-07A6-4E0D-811B-593A7CDEDFCD}"
EndProject
Project("{2150E333-8FDC-42A3-9474-1A3956D46DE8}") = "Infrastructure", "Infrastructure", "{4A63E653-2C3E-4B1E-8D63-B275F7107090}"
EndProject
Project("{2150E333-8FDC-42A3-9474-1A3956D46DE8}") = "Domain", "Domain", "{0153E6DA-E114-4CD8-904B-40CFA96F786A}"
EndProject
Project("{2150E333-8FDC-42A3-9474-1A3956D46DE8}") = "Application", "Application", "{C3CEF478-E3A2-4D0A-B4D2-BF7FAB8FC72F}"
EndProject
Project("{FAE04EC0-301F-11D3-BF4B-00C04F79EFBC}") = "UserService.Domain", "UserService.Domain\UserService.Domain.csproj", "{7ACA2856-19BA-4E66-AD06-12CB07AFE043}"
EndProject
Project("{2150E333-8FDC-42A3-9474-1A3956D46DE8}") = "Common", "Common", "{090C3A2B-29F1-4DF8-B521-A55C70674E29}"
EndProject
Project("{FAE04EC0-301F-11D3-BF4B-00C04F79EFBC}") = "DeliveryApp.Common", "DeliveryApp.Common\DeliveryApp.Common.csproj", "{A972E17D-FF01-AFF8-A08A-A3AD4591648E}"
EndProject
Project("{FAE04EC0-301F-11D3-BF4B-00C04F79EFBC}") = "UserService.Infrastructure", "UserService.Infrastructure\UserService.Infrastructure.csproj", "{CDEBC20E-23B3-B67D-0A4E-BE2DE33CECEC}"
EndProject
Project("{FAE04EC0-301F-11D3-BF4B-00C04F79EFBC}") = "UserService.Application", "UserService.Application\UserService.Application.csproj", "{929E65C0-D634-450C-BD1B-C01AD36F4966}"
EndProject
Project("{FAE04EC0-301F-11D3-BF4B-00C04F79EFBC}") = "UserService.API", "UserService.API\UserService.API.csproj", "{04E13BBA-FC1E-7394-4AB5-E46BD1A6170D}"
EndProject
Global
	GlobalSection(SolutionConfigurationPlatforms) = preSolution
		Debug|Any CPU = Debug|Any CPU
		Release|Any CPU = Release|Any CPU
	EndGlobalSection
	GlobalSection(ProjectConfigurationPlatforms) = postSolution
		{7ACA2856-19BA-4E66-AD06-12CB07AFE043}.Debug|Any CPU.ActiveCfg = Debug|Any CPU
		{7ACA2856-19BA-4E66-AD06-12CB07AFE043}.Debug|Any CPU.Build.0 = Debug|Any CPU
		{7ACA2856-19BA-4E66-AD06-12CB07AFE043}.Release|Any CPU.ActiveCfg = Release|Any CPU
		{7ACA2856-19BA-4E66-AD06-12CB07AFE043}.Release|Any CPU.Build.0 = Release|Any CPU
		{A972E17D-FF01-AFF8-A08A-A3AD4591648E}.Debug|Any CPU.ActiveCfg = Debug|Any CPU
		{A972E17D-FF01-AFF8-A08A-A3AD4591648E}.Debug|Any CPU.Build.0 = Debug|Any CPU
		{A972E17D-FF01-AFF8-A08A-A3AD4591648E}.Release|Any CPU.ActiveCfg = Release|Any CPU
		{A972E17D-FF01-AFF8-A08A-A3AD4591648E}.Release|Any CPU.Build.0 = Release|Any CPU
		{CDEBC20E-23B3-B67D-0A4E-BE2DE33CECEC}.Debug|Any CPU.ActiveCfg = Debug|Any CPU
		{CDEBC20E-23B3-B67D-0A4E-BE2DE33CECEC}.Debug|Any CPU.Build.0 = Debug|Any CPU
		{CDEBC20E-23B3-B67D-0A4E-BE2DE33CECEC}.Release|Any CPU.ActiveCfg = Release|Any CPU
		{CDEBC20E-23B3-B67D-0A4E-BE2DE33CECEC}.Release|Any CPU.Build.0 = Release|Any CPU
		{929E65C0-D634-450C-BD1B-C01AD36F4966}.Debug|Any CPU.ActiveCfg = Debug|Any CPU
		{929E65C0-D634-450C-BD1B-C01AD36F4966}.Debug|Any CPU.Build.0 = Debug|Any CPU
		{929E65C0-D634-450C-BD1B-C01AD36F4966}.Release|Any CPU.ActiveCfg = Release|Any CPU
		{929E65C0-D634-450C-BD1B-C01AD36F4966}.Release|Any CPU.Build.0 = Release|Any CPU
		{04E13BBA-FC1E-7394-4AB5-E46BD1A6170D}.Debug|Any CPU.ActiveCfg = Debug|Any CPU
		{04E13BBA-FC1E-7394-4AB5-E46BD1A6170D}.Debug|Any CPU.Build.0 = Debug|Any CPU
		{04E13BBA-FC1E-7394-4AB5-E46BD1A6170D}.Release|Any CPU.ActiveCfg = Release|Any CPU
		{04E13BBA-FC1E-7394-4AB5-E46BD1A6170D}.Release|Any CPU.Build.0 = Release|Any CPU
	EndGlobalSection
	GlobalSection(SolutionProperties) = preSolution
		HideSolutionNode = FALSE
	EndGlobalSection
	GlobalSection(NestedProjects) = preSolution
		{6879D4DD-07A6-4E0D-811B-593A7CDEDFCD} = {02EA681E-C7D8-13C7-8484-4AC65E1B71E8}
		{4A63E653-2C3E-4B1E-8D63-B275F7107090} = {02EA681E-C7D8-13C7-8484-4AC65E1B71E8}
		{0153E6DA-E114-4CD8-904B-40CFA96F786A} = {02EA681E-C7D8-13C7-8484-4AC65E1B71E8}
		{C3CEF478-E3A2-4D0A-B4D2-BF7FAB8FC72F} = {02EA681E-C7D8-13C7-8484-4AC65E1B71E8}
		{7ACA2856-19BA-4E66-AD06-12CB07AFE043} = {0153E6DA-E114-4CD8-904B-40CFA96F786A}
		{A972E17D-FF01-AFF8-A08A-A3AD4591648E} = {090C3A2B-29F1-4DF8-B521-A55C70674E29}
		{CDEBC20E-23B3-B67D-0A4E-BE2DE33CECEC} = {4A63E653-2C3E-4B1E-8D63-B275F7107090}
		{929E65C0-D634-450C-BD1B-C01AD36F4966} = {C3CEF478-E3A2-4D0A-B4D2-BF7FAB8FC72F}
		{04E13BBA-FC1E-7394-4AB5-E46BD1A6170D} = {6879D4DD-07A6-4E0D-811B-593A7CDEDFCD}
	EndGlobalSection
	GlobalSection(ExtensibilityGlobals) = postSolution
		SolutionGuid = {30DDC56D-91D1-4224-829F-BD39514488B3}
	EndGlobalSection
EndGlobal
