
Microsoft Visual Studio Solution File, Format Version 12.00
# Visual Studio Version 17
VisualStudioVersion = 17.13.35913.81
MinimumVisualStudioVersion = 10.0.40219.1
Project("{2150E333-8FDC-42A3-9474-1A3956D46DE8}") = "RoleService", "RoleService", "{02EA681E-C7D8-13C7-8484-4AC65E1B71E8}"
EndProject
Project("{2150E333-8FDC-42A3-9474-1A3956D46DE8}") = "Presentation", "Presentation", "{6879D4DD-07A6-4E0D-811B-593A7CDEDFCD}"
EndProject
Project("{2150E333-8FDC-42A3-9474-1A3956D46DE8}") = "Infrastructure", "Infrastructure", "{4A63E653-2C3E-4B1E-8D63-B275F7107090}"
EndProject
Project("{2150E333-8FDC-42A3-9474-1A3956D46DE8}") = "Domain", "Domain", "{0153E6DA-E114-4CD8-904B-40CFA96F786A}"
EndProject
Project("{2150E333-8FDC-42A3-9474-1A3956D46DE8}") = "Application", "Application", "{C3CEF478-E3A2-4D0A-B4D2-BF7FAB8FC72F}"
EndProject
Project("{2150E333-8FDC-42A3-9474-1A3956D46DE8}") = "Common", "Common", "{090C3A2B-29F1-4DF8-B521-A55C70674E29}"
EndProject
Project("{FAE04EC0-301F-11D3-BF4B-00C04F79EFBC}") = "DeliveryApp.Common", "DeliveryApp.Common\DeliveryApp.Common.csproj", "{A972E17D-FF01-AFF8-A08A-A3AD4591648E}"
EndProject
Project("{FAE04EC0-301F-11D3-BF4B-00C04F79EFBC}") = "RoleService.Application", "RoleService\RoleService.Application\RoleService.Application.csproj", "{4AA76093-21BF-5C58-F4AC-242F0512B349}"
EndProject
Project("{FAE04EC0-301F-11D3-BF4B-00C04F79EFBC}") = "RoleService.Domain", "RoleService\RoleService.Domain\RoleService.Domain.csproj", "{B5E19582-5977-C37F-4460-F8E47C4A35B0}"
EndProject
Project("{FAE04EC0-301F-11D3-BF4B-00C04F79EFBC}") = "RoleService.Infrastructure", "RoleService\RoleService.Infrastructure\RoleService.Infrastructure.csproj", "{B2774BA9-021E-8332-22E2-B724B2E53BA9}"
EndProject
Project("{FAE04EC0-301F-11D3-BF4B-00C04F79EFBC}") = "RoleService.API", "RoleService\RoleService.API\RoleService.API.csproj", "{D6C5C4F2-0F7D-89F3-4DE1-505C44BCDD4F}"
EndProject
Global
	GlobalSection(SolutionConfigurationPlatforms) = preSolution
		Debug|Any CPU = Debug|Any CPU
		Release|Any CPU = Release|Any CPU
	EndGlobalSection
	GlobalSection(ProjectConfigurationPlatforms) = postSolution
		{A972E17D-FF01-AFF8-A08A-A3AD4591648E}.Debug|Any CPU.ActiveCfg = Debug|Any CPU
		{A972E17D-FF01-AFF8-A08A-A3AD4591648E}.Debug|Any CPU.Build.0 = Debug|Any CPU
		{A972E17D-FF01-AFF8-A08A-A3AD4591648E}.Release|Any CPU.ActiveCfg = Release|Any CPU
		{A972E17D-FF01-AFF8-A08A-A3AD4591648E}.Release|Any CPU.Build.0 = Release|Any CPU
		{4AA76093-21BF-5C58-F4AC-242F0512B349}.Debug|Any CPU.ActiveCfg = Debug|Any CPU
		{4AA76093-21BF-5C58-F4AC-242F0512B349}.Debug|Any CPU.Build.0 = Debug|Any CPU
		{4AA76093-21BF-5C58-F4AC-242F0512B349}.Release|Any CPU.ActiveCfg = Release|Any CPU
		{4AA76093-21BF-5C58-F4AC-242F0512B349}.Release|Any CPU.Build.0 = Release|Any CPU
		{B5E19582-5977-C37F-4460-F8E47C4A35B0}.Debug|Any CPU.ActiveCfg = Debug|Any CPU
		{B5E19582-5977-C37F-4460-F8E47C4A35B0}.Debug|Any CPU.Build.0 = Debug|Any CPU
		{B5E19582-5977-C37F-4460-F8E47C4A35B0}.Release|Any CPU.ActiveCfg = Release|Any CPU
		{B5E19582-5977-C37F-4460-F8E47C4A35B0}.Release|Any CPU.Build.0 = Release|Any CPU
		{B2774BA9-021E-8332-22E2-B724B2E53BA9}.Debug|Any CPU.ActiveCfg = Debug|Any CPU
		{B2774BA9-021E-8332-22E2-B724B2E53BA9}.Debug|Any CPU.Build.0 = Debug|Any CPU
		{B2774BA9-021E-8332-22E2-B724B2E53BA9}.Release|Any CPU.ActiveCfg = Release|Any CPU
		{B2774BA9-021E-8332-22E2-B724B2E53BA9}.Release|Any CPU.Build.0 = Release|Any CPU
		{D6C5C4F2-0F7D-89F3-4DE1-505C44BCDD4F}.Debug|Any CPU.ActiveCfg = Debug|Any CPU
		{D6C5C4F2-0F7D-89F3-4DE1-505C44BCDD4F}.Debug|Any CPU.Build.0 = Debug|Any CPU
		{D6C5C4F2-0F7D-89F3-4DE1-505C44BCDD4F}.Release|Any CPU.ActiveCfg = Release|Any CPU
		{D6C5C4F2-0F7D-89F3-4DE1-505C44BCDD4F}.Release|Any CPU.Build.0 = Release|Any CPU
	EndGlobalSection
	GlobalSection(SolutionProperties) = preSolution
		HideSolutionNode = FALSE
	EndGlobalSection
	GlobalSection(NestedProjects) = preSolution
		{6879D4DD-07A6-4E0D-811B-593A7CDEDFCD} = {02EA681E-C7D8-13C7-8484-4AC65E1B71E8}
		{4A63E653-2C3E-4B1E-8D63-B275F7107090} = {02EA681E-C7D8-13C7-8484-4AC65E1B71E8}
		{0153E6DA-E114-4CD8-904B-40CFA96F786A} = {02EA681E-C7D8-13C7-8484-4AC65E1B71E8}
		{C3CEF478-E3A2-4D0A-B4D2-BF7FAB8FC72F} = {02EA681E-C7D8-13C7-8484-4AC65E1B71E8}
		{A972E17D-FF01-AFF8-A08A-A3AD4591648E} = {090C3A2B-29F1-4DF8-B521-A55C70674E29}
		{4AA76093-21BF-5C58-F4AC-242F0512B349} = {C3CEF478-E3A2-4D0A-B4D2-BF7FAB8FC72F}
		{B5E19582-5977-C37F-4460-F8E47C4A35B0} = {0153E6DA-E114-4CD8-904B-40CFA96F786A}
		{B2774BA9-021E-8332-22E2-B724B2E53BA9} = {4A63E653-2C3E-4B1E-8D63-B275F7107090}
		{D6C5C4F2-0F7D-89F3-4DE1-505C44BCDD4F} = {6879D4DD-07A6-4E0D-811B-593A7CDEDFCD}
	EndGlobalSection
	GlobalSection(ExtensibilityGlobals) = postSolution
		SolutionGuid = {30DDC56D-91D1-4224-829F-BD39514488B3}
	EndGlobalSection
EndGlobal
